
Microsoft Visual Studio Solution File, Format Version 12.00
# Visual Studio Version 17
VisualStudioVersion = 17.2.32505.173
MinimumVisualStudioVersion = 10.0.40219.1
Project("{9A19103F-16F7-4668-BE54-9A1E7A4F7556}") = "NASA_APOD", "NASA_APOD\NASA_APOD.csproj", "{CE16F3C6-540C-4CEC-A593-1E62C5B92591}"
EndProject
Project("{FAE04EC0-301F-11D3-BF4B-00C04F79EFBC}") = "NASA_APOD_EXAMPLE", "NASA_APOD_EXAMPLE\NASA_APOD_EXAMPLE.csproj", "{EAFC244C-0CD4-41F8-9007-384CCD77D2E7}"
EndProject
Global
	GlobalSection(SolutionConfigurationPlatforms) = preSolution
		Debug|Any CPU = Debug|Any CPU
		Release|Any CPU = Release|Any CPU
	EndGlobalSection
	GlobalSection(ProjectConfigurationPlatforms) = postSolution
		{CE16F3C6-540C-4CEC-A593-1E62C5B92591}.Debug|Any CPU.ActiveCfg = Debug|Any CPU
		{CE16F3C6-540C-4CEC-A593-1E62C5B92591}.Debug|Any CPU.Build.0 = Debug|Any CPU
		{CE16F3C6-540C-4CEC-A593-1E62C5B92591}.Release|Any CPU.ActiveCfg = Release|Any CPU
		{CE16F3C6-540C-4CEC-A593-1E62C5B92591}.Release|Any CPU.Build.0 = Release|Any CPU
		{EAFC244C-0CD4-41F8-9007-384CCD77D2E7}.Debug|Any CPU.ActiveCfg = Debug|Any CPU
		{EAFC244C-0CD4-41F8-9007-384CCD77D2E7}.Debug|Any CPU.Build.0 = Debug|Any CPU
		{EAFC244C-0CD4-41F8-9007-384CCD77D2E7}.Release|Any CPU.ActiveCfg = Release|Any CPU
		{EAFC244C-0CD4-41F8-9007-384CCD77D2E7}.Release|Any CPU.Build.0 = Release|Any CPU
	EndGlobalSection
	GlobalSection(SolutionProperties) = preSolution
		HideSolutionNode = FALSE
	EndGlobalSection
	GlobalSection(ExtensibilityGlobals) = postSolution
		SolutionGuid = {849406C4-7946-4583-B3E8-443A1A8A17C6}
	EndGlobalSection
EndGlobal
